<?xml version="1.0" encoding="utf-8"?>
<Project ToolsVersion="4.0" xmlns="http://schemas.microsoft.com/developer/msbuild/2003">
  <ItemGroup>
    <Filter Include="D3D12 Core">
      <UniqueIdentifier>{87795609-570a-44c2-847b-7cc6685070c4}</UniqueIdentifier>
    </Filter>
    <Filter Include="D3D12 Core\Resources">
      <UniqueIdentifier>{cce145d9-0faf-40ac-83c1-b778c3a8cd3f}</UniqueIdentifier>
    </Filter>
    <Filter Include="D3D12 Core\Command Management">
      <UniqueIdentifier>{a3abfa72-0c52-4e8a-b013-09cbe7013fce}</UniqueIdentifier>
    </Filter>
    <Filter Include="D3D12 Core\Descriptor Management">
      <UniqueIdentifier>{93c5d131-2974-4067-ba3e-8a0b273c6273}</UniqueIdentifier>
    </Filter>
    <Filter Include="Shaders">
      <UniqueIdentifier>{c65f99e2-ef9f-4788-9b61-e7700f68b224}</UniqueIdentifier>
    </Filter>
    <Filter Include="Random">
      <UniqueIdentifier>{bf73219e-5c22-40cc-88c6-2038494185a9}</UniqueIdentifier>
    </Filter>
    <Filter Include="ECS">
      <UniqueIdentifier>{19f7b9eb-a860-4d7b-b14c-3cfe7358a5d0}</UniqueIdentifier>
    </Filter>
    <Filter Include="ECS\Systems">
      <UniqueIdentifier>{4ba5f5e8-24af-488b-a15c-fd3edceb9b7a}</UniqueIdentifier>
    </Filter>
    <Filter Include="ECS\Core">
      <UniqueIdentifier>{8b56bab9-6629-48b6-8358-abaf2d3b2b06}</UniqueIdentifier>
    </Filter>
    <Filter Include="Caches">
      <UniqueIdentifier>{052487f9-4270-4807-bec3-641ba160d2a6}</UniqueIdentifier>
    </Filter>
    <Filter Include="Random\Scene">
      <UniqueIdentifier>{1eeae1cb-5318-479b-b4bd-b6516bcb0f33}</UniqueIdentifier>
    </Filter>
    <Filter Include="Data Structures">
      <UniqueIdentifier>{9665a404-7812-4698-91bd-6e0f4b128f90}</UniqueIdentifier>
    </Filter>
    <Filter Include="D3D12 Core\Other Wrapping">
      <UniqueIdentifier>{87612972-757d-4a8c-b7bc-004aa7b178fc}</UniqueIdentifier>
    </Filter>
    <Filter Include="UI">
      <UniqueIdentifier>{96f240e5-afac-40fc-ba97-3329895eaa36}</UniqueIdentifier>
    </Filter>
    <Filter Include="Caches\Material">
      <UniqueIdentifier>{7d01be0e-60d3-4fd6-a7b1-f60ef14de0fa}</UniqueIdentifier>
    </Filter>
    <Filter Include="main">
      <UniqueIdentifier>{4FC737F1-C7A5-4376-A066-2A32D752A2FF}</UniqueIdentifier>
      <Extensions>cpp;c;cc;cxx;c++;cppm;ixx;def;odl;idl;hpj;bat;asm;asmx</Extensions>
    </Filter>
    <Filter Include="Third Party Dependencies">
      <UniqueIdentifier>{91be778f-ac0e-465f-9c96-a8906b574a7b}</UniqueIdentifier>
    </Filter>
    <Filter Include="Third Party Dependencies\ImGui">
      <UniqueIdentifier>{3297cb8e-dc71-42f4-a482-a3c3fb103782}</UniqueIdentifier>
    </Filter>
    <Filter Include="Third Party Dependencies\ImGui\Backends">
      <UniqueIdentifier>{2b140c64-7ac7-4b4e-b435-c42fc27174ba}</UniqueIdentifier>
    </Filter>
    <Filter Include="aZero Dependencies">
      <UniqueIdentifier>{4906581f-41fc-40b2-98f4-7735a6fa4e70}</UniqueIdentifier>
    </Filter>
  </ItemGroup>
  <ItemGroup>
    <ClCompile Include="src\main.cpp">
      <Filter>main</Filter>
    </ClCompile>
    <ClCompile Include="src\CommandQueue.cpp">
      <Filter>D3D12 Core\Command Management</Filter>
    </ClCompile>
    <ClCompile Include="src\CommandManager.cpp">
      <Filter>D3D12 Core\Command Management</Filter>
    </ClCompile>
    <ClCompile Include="src\CommandContext.cpp">
      <Filter>D3D12 Core\Command Management</Filter>
    </ClCompile>
    <ClCompile Include="src\DescriptorManager.cpp">
      <Filter>D3D12 Core\Descriptor Management</Filter>
    </ClCompile>
    <ClCompile Include="src\DescriptorHeap.cpp">
      <Filter>D3D12 Core\Descriptor Management</Filter>
    </ClCompile>
    <ClCompile Include="src\HiddenDescriptorHeap.cpp">
      <Filter>D3D12 Core\Descriptor Management</Filter>
    </ClCompile>
    <ClCompile Include="src\ShaderDescriptorHeap.cpp">
      <Filter>D3D12 Core\Descriptor Management</Filter>
    </ClCompile>
    <ClCompile Include="src\RenderSystem.cpp">
      <Filter>ECS\Systems</Filter>
    </ClCompile>
    <ClCompile Include="src\ModelAsset.cpp">
      <Filter>D3D12 Core\Resources</Filter>
    </ClCompile>
    <ClCompile Include="src\Texture.cpp">
      <Filter>D3D12 Core\Resources</Filter>
    </ClCompile>
    <ClCompile Include="src\Texture2DCache.cpp">
      <Filter>Caches</Filter>
    </ClCompile>
    <ClCompile Include="src\ModelCache.cpp">
      <Filter>Caches</Filter>
    </ClCompile>
    <ClCompile Include="src\Scene.cpp">
      <Filter>Random\Scene</Filter>
    </ClCompile>
    <ClCompile Include="src\stbiHack.cpp">
      <Filter>Random</Filter>
    </ClCompile>
    <ClCompile Include="src\HelperFunctions.cpp">
      <Filter>Random</Filter>
    </ClCompile>
    <ClCompile Include="src\PipelineState.cpp">
      <Filter>D3D12 Core\Other Wrapping</Filter>
    </ClCompile>
    <ClCompile Include="src\RootSignature.cpp">
      <Filter>D3D12 Core\Other Wrapping</Filter>
    </ClCompile>
    <ClCompile Include="src\Sampler.cpp">
      <Filter>D3D12 Core\Other Wrapping</Filter>
    </ClCompile>
    <ClCompile Include="src\LevelEditorUI.cpp">
      <Filter>UI</Filter>
    </ClCompile>
    <ClCompile Include="src\UserInterface.cpp">
      <Filter>UI</Filter>
    </ClCompile>
    <ClCompile Include="src\AppWindow.cpp">
      <Filter>D3D12 Core\Other Wrapping</Filter>
    </ClCompile>
    <ClCompile Include="src\InputHandler.cpp">
      <Filter>D3D12 Core\Other Wrapping</Filter>
    </ClCompile>
    <ClCompile Include="src\SwapChain.cpp">
      <Filter>D3D12 Core\Other Wrapping</Filter>
    </ClCompile>
    <ClCompile Include="src\MaterialManager.cpp">
      <Filter>Caches\Material</Filter>
    </ClCompile>
    <ClCompile Include="src\PBRMaterial.cpp">
      <Filter>Caches\Material</Filter>
    </ClCompile>
    <ClCompile Include="..\ThirdPartyDependencies\ImGui\imgui.cpp">
      <Filter>Third Party Dependencies\ImGui</Filter>
    </ClCompile>
    <ClCompile Include="..\ThirdPartyDependencies\ImGui\imgui_demo.cpp">
      <Filter>Third Party Dependencies\ImGui</Filter>
    </ClCompile>
    <ClCompile Include="..\ThirdPartyDependencies\ImGui\imgui_draw.cpp">
      <Filter>Third Party Dependencies\ImGui</Filter>
    </ClCompile>
    <ClCompile Include="..\ThirdPartyDependencies\ImGui\imgui_tables.cpp">
      <Filter>Third Party Dependencies\ImGui</Filter>
    </ClCompile>
    <ClCompile Include="..\ThirdPartyDependencies\ImGui\imgui_widgets.cpp">
      <Filter>Third Party Dependencies\ImGui</Filter>
    </ClCompile>
    <ClCompile Include="..\ThirdPartyDependencies\ImGui\ImGuizmo.cpp">
      <Filter>Third Party Dependencies\ImGui</Filter>
    </ClCompile>
    <ClCompile Include="..\ThirdPartyDependencies\ImGui\backends\imgui_impl_dx12.cpp">
      <Filter>Third Party Dependencies\ImGui\Backends</Filter>
    </ClCompile>
    <ClCompile Include="..\ThirdPartyDependencies\ImGui\backends\imgui_impl_win32.cpp">
      <Filter>Third Party Dependencies\ImGui\Backends</Filter>
    </ClCompile>
    <ClCompile Include="..\aZeroDependencies\aZeroModelParsing\ModelParser.cpp">
      <Filter>aZero Dependencies</Filter>
    </ClCompile>
  </ItemGroup>
  <ItemGroup>
    <ClInclude Include="src\CommandQueue.h">
      <Filter>D3D12 Core\Command Management</Filter>
    </ClInclude>
    <ClInclude Include="src\CommandManager.h">
      <Filter>D3D12 Core\Command Management</Filter>
    </ClInclude>
    <ClInclude Include="src\CommandContext.h">
      <Filter>D3D12 Core\Command Management</Filter>
    </ClInclude>
    <ClInclude Include="src\ComputeContextHandle.h">
      <Filter>D3D12 Core\Command Management</Filter>
    </ClInclude>
    <ClInclude Include="src\ComputePipelineState.h">
      <Filter>D3D12 Core\Command Management</Filter>
    </ClInclude>
    <ClInclude Include="src\CopyContextHandle.h">
      <Filter>D3D12 Core\Command Management</Filter>
    </ClInclude>
    <ClInclude Include="src\GraphicsContextHandle.h">
      <Filter>D3D12 Core\Command Management</Filter>
    </ClInclude>
    <ClInclude Include="src\DescriptorManager.h">
      <Filter>D3D12 Core\Descriptor Management</Filter>
    </ClInclude>
    <ClInclude Include="src\DescriptorHeap.h">
      <Filter>D3D12 Core\Descriptor Management</Filter>
    </ClInclude>
    <ClInclude Include="src\DescriptorHandle.h">
      <Filter>D3D12 Core\Descriptor Management</Filter>
    </ClInclude>
    <ClInclude Include="src\HiddenDescriptorHeap.h">
      <Filter>D3D12 Core\Descriptor Management</Filter>
    </ClInclude>
    <ClInclude Include="src\ShaderDescriptorHeap.h">
      <Filter>D3D12 Core\Descriptor Management</Filter>
    </ClInclude>
    <ClInclude Include="src\System.h">
      <Filter>ECS\Systems</Filter>
    </ClInclude>
    <ClInclude Include="src\SystemManager.h">
      <Filter>ECS\Core</Filter>
    </ClInclude>
    <ClInclude Include="src\aZeroECS.h">
      <Filter>ECS\Core</Filter>
    </ClInclude>
    <ClInclude Include="src\Timer.h">
      <Filter>Random</Filter>
    </ClInclude>
    <ClInclude Include="src\LightSystem.h">
      <Filter>ECS\Systems</Filter>
    </ClInclude>
    <ClInclude Include="src\PhysicSystem.h">
      <Filter>ECS\Systems</Filter>
    </ClInclude>
    <ClInclude Include="src\RenderSystem.h">
      <Filter>ECS\Systems</Filter>
    </ClInclude>
    <ClInclude Include="src\ECS.h">
      <Filter>ECS\Core</Filter>
    </ClInclude>
    <ClInclude Include="src\ComponentManager.h">
      <Filter>ECS\Core</Filter>
    </ClInclude>
    <ClInclude Include="src\Components.h">
      <Filter>ECS\Core</Filter>
    </ClInclude>
    <ClInclude Include="src\ECSBase.h">
      <Filter>ECS\Core</Filter>
    </ClInclude>
    <ClInclude Include="src\EntityManager.h">
      <Filter>ECS\Core</Filter>
    </ClInclude>
    <ClInclude Include="src\Entity.h">
      <Filter>ECS\Core</Filter>
    </ClInclude>
    <ClInclude Include="src\LinearAllocator.h">
      <Filter>D3D12 Core\Resources</Filter>
    </ClInclude>
    <ClInclude Include="src\ModelAsset.h">
      <Filter>D3D12 Core\Resources</Filter>
    </ClInclude>
    <ClInclude Include="src\ReadbackBuffer.h">
      <Filter>D3D12 Core\Resources</Filter>
    </ClInclude>
    <ClInclude Include="src\Texture.h">
      <Filter>D3D12 Core\Resources</Filter>
    </ClInclude>
    <ClInclude Include="src\UploadBuffer.h">
      <Filter>D3D12 Core\Resources</Filter>
    </ClInclude>
    <ClInclude Include="src\Texture2DCache.h">
      <Filter>Caches</Filter>
    </ClInclude>
    <ClInclude Include="src\ResourceCache.h">
      <Filter>Caches</Filter>
    </ClInclude>
    <ClInclude Include="src\ModelCache.h">
      <Filter>Caches</Filter>
    </ClInclude>
    <ClInclude Include="src\Scene.h">
      <Filter>Random\Scene</Filter>
    </ClInclude>
    <ClInclude Include="src\VertexDefinitions.h">
      <Filter>Random</Filter>
    </ClInclude>
    <ClInclude Include="src\stbiHack.h">
      <Filter>Random</Filter>
    </ClInclude>
    <ClInclude Include="src\stb_image.h">
      <Filter>Random</Filter>
    </ClInclude>
    <ClInclude Include="src\Camera.h">
      <Filter>Random</Filter>
    </ClInclude>
    <ClInclude Include="src\HelperFunctions.h">
      <Filter>Random</Filter>
    </ClInclude>
    <ClInclude Include="src\ResourceTrashcan.h">
      <Filter>Random</Filter>
    </ClInclude>
    <ClInclude Include="src\UniqueIntList.h">
      <Filter>Data Structures</Filter>
    </ClInclude>
    <ClInclude Include="src\TreeHierarchy.h">
      <Filter>Data Structures</Filter>
    </ClInclude>
    <ClInclude Include="src\MappedVector.h">
      <Filter>Data Structures</Filter>
    </ClInclude>
    <ClInclude Include="src\SelectionList.h">
      <Filter>Data Structures</Filter>
    </ClInclude>
    <ClInclude Include="src\StructuredList.h">
      <Filter>D3D12 Core\Resources</Filter>
    </ClInclude>
    <ClInclude Include="src\InputLayout.h">
      <Filter>D3D12 Core\Other Wrapping</Filter>
    </ClInclude>
    <ClInclude Include="src\PipelineState.h">
      <Filter>D3D12 Core\Other Wrapping</Filter>
    </ClInclude>
    <ClInclude Include="src\RasterState.h">
      <Filter>D3D12 Core\Other Wrapping</Filter>
    </ClInclude>
    <ClInclude Include="src\RootParameter.h">
      <Filter>D3D12 Core\Other Wrapping</Filter>
    </ClInclude>
    <ClInclude Include="src\RootSignature.h">
      <Filter>D3D12 Core\Other Wrapping</Filter>
    </ClInclude>
    <ClInclude Include="src\Sampler.h">
      <Filter>D3D12 Core\Other Wrapping</Filter>
    </ClInclude>
    <ClInclude Include="src\LevelEditorUI.h">
      <Filter>UI</Filter>
    </ClInclude>
    <ClInclude Include="src\UserInterface.h">
      <Filter>UI</Filter>
    </ClInclude>
    <ClInclude Include="src\LevelEditor.h">
      <Filter>main</Filter>
    </ClInclude>
    <ClInclude Include="src\Engine.h">
      <Filter>main</Filter>
    </ClInclude>
    <ClInclude Include="src\AppWindow.h">
      <Filter>D3D12 Core\Other Wrapping</Filter>
    </ClInclude>
    <ClInclude Include="src\D3D12Include.h">
      <Filter>D3D12 Core\Other Wrapping</Filter>
    </ClInclude>
    <ClInclude Include="src\InputHandler.h">
      <Filter>D3D12 Core\Other Wrapping</Filter>
    </ClInclude>
    <ClInclude Include="src\SwapChain.h">
      <Filter>D3D12 Core\Other Wrapping</Filter>
    </ClInclude>
    <ClInclude Include="src\ParentSystem.h">
      <Filter>ECS\Systems</Filter>
    </ClInclude>
    <ClInclude Include="src\LightManager.h">
      <Filter>ECS\Systems</Filter>
    </ClInclude>
    <ClInclude Include="src\MaterialManager.h">
      <Filter>Caches\Material</Filter>
    </ClInclude>
    <ClInclude Include="src\PBRMaterial.h">
      <Filter>Caches\Material</Filter>
    </ClInclude>
    <ClInclude Include="src\Material.h">
      <Filter>Caches\Material</Filter>
    </ClInclude>
    <ClInclude Include="..\ThirdPartyDependencies\ImGui\imconfig.h">
      <Filter>Third Party Dependencies\ImGui</Filter>
    </ClInclude>
    <ClInclude Include="..\ThirdPartyDependencies\ImGui\imgui.h">
      <Filter>Third Party Dependencies\ImGui</Filter>
    </ClInclude>
    <ClInclude Include="..\ThirdPartyDependencies\ImGui\imgui_internal.h">
      <Filter>Third Party Dependencies\ImGui</Filter>
    </ClInclude>
    <ClInclude Include="..\ThirdPartyDependencies\ImGui\ImGuizmo.h">
      <Filter>Third Party Dependencies\ImGui</Filter>
    </ClInclude>
    <ClInclude Include="..\ThirdPartyDependencies\ImGui\imstb_rectpack.h">
      <Filter>Third Party Dependencies\ImGui</Filter>
    </ClInclude>
    <ClInclude Include="..\ThirdPartyDependencies\ImGui\imstb_textedit.h">
      <Filter>Third Party Dependencies\ImGui</Filter>
    </ClInclude>
    <ClInclude Include="..\ThirdPartyDependencies\ImGui\imstb_truetype.h">
      <Filter>Third Party Dependencies\ImGui</Filter>
    </ClInclude>
    <ClInclude Include="..\ThirdPartyDependencies\ImGui\backends\imgui_impl_dx12.h">
      <Filter>Third Party Dependencies\ImGui\Backends</Filter>
    </ClInclude>
    <ClInclude Include="..\ThirdPartyDependencies\ImGui\backends\imgui_impl_win32.h">
      <Filter>Third Party Dependencies\ImGui\Backends</Filter>
    </ClInclude>
    <ClInclude Include="..\aZeroDependencies\aZeroModelParsing\ModelParser.h">
      <Filter>aZero Dependencies</Filter>
    </ClInclude>
  </ItemGroup>
  <ItemGroup>
    <FxCompile Include="src\VS_Basic.hlsl">
      <Filter>Shaders</Filter>
    </FxCompile>
    <FxCompile Include="src\VS_MaterialPrev.hlsl">
      <Filter>Shaders</Filter>
    </FxCompile>
    <FxCompile Include="src\VS_Outline.hlsl">
      <Filter>Shaders</Filter>
    </FxCompile>
    <FxCompile Include="src\VS_PBR.hlsl">
      <Filter>Shaders</Filter>
    </FxCompile>
    <FxCompile Include="src\VS_Picking.hlsl">
      <Filter>Shaders</Filter>
    </FxCompile>
    <FxCompile Include="src\VS_ShadowPass.hlsl">
      <Filter>Shaders</Filter>
    </FxCompile>
    <FxCompile Include="src\VS_ZPrePass.hlsl">
      <Filter>Shaders</Filter>
    </FxCompile>
    <FxCompile Include="src\PS_Picking.hlsl">
      <Filter>Shaders</Filter>
    </FxCompile>
    <FxCompile Include="src\PS_Basic.hlsl">
      <Filter>Shaders</Filter>
    </FxCompile>
    <FxCompile Include="src\PS_MaterialPrev.hlsl">
      <Filter>Shaders</Filter>
    </FxCompile>
    <FxCompile Include="src\PS_Outline.hlsl">
      <Filter>Shaders</Filter>
    </FxCompile>
    <FxCompile Include="src\PS_PBR.hlsl">
      <Filter>Shaders</Filter>
    </FxCompile>
    <FxCompile Include="src\PS_PBRTransparency.hlsl">
      <Filter>Shaders</Filter>
    </FxCompile>
    <FxCompile Include="src\CS_ProcessGlow.hlsl">
      <Filter>Shaders</Filter>
    </FxCompile>
    <FxCompile Include="src\CS_FXOutline.hlsl">
      <Filter>Shaders</Filter>
    </FxCompile>
  </ItemGroup>
  <ItemGroup>
    <None Include="packages.config" />
  </ItemGroup>
</Project>